<?xml version="1.0" encoding="utf-8"?>
<Project ToolsVersion="4.0" xmlns="http://schemas.microsoft.com/developer/msbuild/2003">
  <ItemGroup>
    <Filter Include="ソース ファイル">
      <UniqueIdentifier>{4FC737F1-C7A5-4376-A066-2A32D752A2FF}</UniqueIdentifier>
      <Extensions>cpp;c;cc;cxx;c++;cppm;ixx;def;odl;idl;hpj;bat;asm;asmx</Extensions>
    </Filter>
    <Filter Include="ヘッダー ファイル">
      <UniqueIdentifier>{93995380-89BD-4b04-88EB-625FBE52EBFB}</UniqueIdentifier>
      <Extensions>h;hh;hpp;hxx;h++;hm;inl;inc;ipp;xsd</Extensions>
    </Filter>
    <Filter Include="リソース ファイル">
      <UniqueIdentifier>{67DA6AB6-F800-4c08-8B7A-83BB121AAD01}</UniqueIdentifier>
      <Extensions>rc;ico;cur;bmp;dlg;rc2;rct;bin;rgs;gif;jpg;jpeg;jpe;resx;tiff;tif;png;wav;mfcribbon-ms</Extensions>
    </Filter>
  </ItemGroup>
  <ItemGroup>
    <ClCompile Include="gameapp2.cpp">
      <Filter>ソース ファイル</Filter>
    </ClCompile>
    <ClCompile Include="game.cpp">
      <Filter>ソース ファイル</Filter>
    </ClCompile>
    <ClCompile Include="actor.cpp">
      <Filter>ソース ファイル</Filter>
    </ClCompile>
    <ClCompile Include="SpriteComponent.cpp">
      <Filter>ソース ファイル</Filter>
    </ClCompile>
    <ClCompile Include="Math.cpp">
      <Filter>ソース ファイル</Filter>
    </ClCompile>
    <ClCompile Include="AnimSpriteComponent.cpp">
      <Filter>ソース ファイル</Filter>
    </ClCompile>
    <ClCompile Include="BGSpriteComponent.cpp">
      <Filter>ソース ファイル</Filter>
    </ClCompile>
    <ClCompile Include="Ship.cpp">
      <Filter>ソース ファイル</Filter>
    </ClCompile>
    <ClCompile Include="component.cpp">
      <Filter>ソース ファイル</Filter>
    </ClCompile>
  </ItemGroup>
  <ItemGroup>
    <ClInclude Include="game.h">
      <Filter>ヘッダー ファイル</Filter>
    </ClInclude>
    <ClInclude Include="actor.h">
      <Filter>ヘッダー ファイル</Filter>
    </ClInclude>
    <ClInclude Include="component.h">
      <Filter>ヘッダー ファイル</Filter>
    </ClInclude>
    <ClInclude Include="SpriteComponent.h">
      <Filter>ヘッダー ファイル</Filter>
    </ClInclude>
    <ClInclude Include="Math.h">
      <Filter>ヘッダー ファイル</Filter>
    </ClInclude>
    <ClInclude Include="AnimSpriteComponent.h">
      <Filter>ヘッダー ファイル</Filter>
    </ClInclude>
    <ClInclude Include="BGSpriteComponent.h">
      <Filter>ヘッダー ファイル</Filter>
    </ClInclude>
    <ClInclude Include="Ship.h">
      <Filter>ヘッダー ファイル</Filter>
    </ClInclude>
  </ItemGroup>
  <ItemGroup>
    <Image Include="..\Assets\Character01.png">
      <Filter>リソース ファイル</Filter>
    </Image>
    <Image Include="..\Assets\Character02.png">
      <Filter>リソース ファイル</Filter>
    </Image>
    <Image Include="..\Assets\Character03.png">
      <Filter>リソース ファイル</Filter>
    </Image>
    <Image Include="..\Assets\Character04.png">
      <Filter>リソース ファイル</Filter>
    </Image>
    <Image Include="..\Assets\Character05.png">
      <Filter>リソース ファイル</Filter>
    </Image>
    <Image Include="..\Assets\Character06.png">
      <Filter>リソース ファイル</Filter>
    </Image>
    <Image Include="..\Assets\Character07.png">
      <Filter>リソース ファイル</Filter>
    </Image>
    <Image Include="..\Assets\Character08.png">
      <Filter>リソース ファイル</Filter>
    </Image>
    <Image Include="..\Assets\Character09.png">
      <Filter>リソース ファイル</Filter>
    </Image>
    <Image Include="..\Assets\Character10.png">
      <Filter>リソース ファイル</Filter>
    </Image>
    <Image Include="..\Assets\Character11.png">
      <Filter>リソース ファイル</Filter>
    </Image>
    <Image Include="..\Assets\Character12.png">
      <Filter>リソース ファイル</Filter>
    </Image>
    <Image Include="..\Assets\Character13.png">
      <Filter>リソース ファイル</Filter>
    </Image>
    <Image Include="..\Assets\Character14.png">
      <Filter>リソース ファイル</Filter>
    </Image>
    <Image Include="..\Assets\Character15.png">
      <Filter>リソース ファイル</Filter>
    </Image>
    <Image Include="..\Assets\Character16.png">
      <Filter>リソース ファイル</Filter>
    </Image>
    <Image Include="..\Assets\Character17.png">
      <Filter>リソース ファイル</Filter>
    </Image>
    <Image Include="..\Assets\Character18.png">
      <Filter>リソース ファイル</Filter>
    </Image>
    <Image Include="..\Assets\Enemy01.png">
      <Filter>リソース ファイル</Filter>
    </Image>
    <Image Include="..\Assets\Enemy02.png">
      <Filter>リソース ファイル</Filter>
    </Image>
    <Image Include="..\Assets\Enemy03.png">
      <Filter>リソース ファイル</Filter>
    </Image>
    <Image Include="..\Assets\Enemy04.png">
      <Filter>リソース ファイル</Filter>
    </Image>
    <Image Include="..\Assets\Enemy05.png">
      <Filter>リソース ファイル</Filter>
    </Image>
    <Image Include="..\Assets\Enemy06.png">
      <Filter>リソース ファイル</Filter>
    </Image>
    <Image Include="..\Assets\Farback01.png">
      <Filter>リソース ファイル</Filter>
    </Image>
    <Image Include="..\Assets\Farback02.png">
      <Filter>リソース ファイル</Filter>
    </Image>
    <Image Include="..\Assets\Laser.png">
      <Filter>リソース ファイル</Filter>
    </Image>
    <Image Include="..\Assets\Ship01.png">
      <Filter>リソース ファイル</Filter>
    </Image>
    <Image Include="..\Assets\Ship02.png">
      <Filter>リソース ファイル</Filter>
    </Image>
    <Image Include="..\Assets\Ship03.png">
      <Filter>リソース ファイル</Filter>
    </Image>
    <Image Include="..\Assets\Ship04.png">
      <Filter>リソース ファイル</Filter>
    </Image>
    <Image Include="..\Assets\Stars.png">
      <Filter>リソース ファイル</Filter>
    </Image>
    <Image Include="..\Assets\Tiles.png">
      <Filter>リソース ファイル</Filter>
    </Image>
  </ItemGroup>
  <ItemGroup>
    <Text Include="..\Assets\LICENSE.txt">
      <Filter>リソース ファイル</Filter>
    </Text>
  </ItemGroup>
  <ItemGroup>
    <None Include="..\Assets\MapLayer1.csv">
      <Filter>リソース ファイル</Filter>
    </None>
    <None Include="..\Assets\MapLayer2.csv">
      <Filter>リソース ファイル</Filter>
    </None>
    <None Include="..\Assets\MapLayer3.csv">
      <Filter>リソース ファイル</Filter>
    </None>
  </ItemGroup>
</Project>